
Microsoft Visual Studio Solution File, Format Version 12.00
# Visual Studio Version 16
VisualStudioVersion = 16.0.30225.117
MinimumVisualStudioVersion = 10.0.40219.1
Project("{FAE04EC0-301F-11D3-BF4B-00C04F79EFBC}") = "Chess", "Chess\Chess.csproj", "{A489CD5D-0B53-44F3-ACD0-603AFD0B6457}"
EndProject
Project("{2150E333-8FDC-42A3-9474-1A3956D46DE8}") = "Task", "Task", "{E620BDB7-D55D-4ED6-B6D5-1DD580BF8713}"
EndProject
Project("{2150E333-8FDC-42A3-9474-1A3956D46DE8}") = "Task2", "Task2", "{53FEA99E-F0B9-4FFA-9499-E4BDDEEEF48A}"
EndProject
Project("{FAE04EC0-301F-11D3-BF4B-00C04F79EFBC}") = "CargoTransportation", "CargoTransportation\CargoTransportation.csproj", "{C5C1B55E-E8B0-40B4-85EF-3B8840AC70D0}"
EndProject
Global
	GlobalSection(SolutionConfigurationPlatforms) = preSolution
		Debug|Any CPU = Debug|Any CPU
		Release|Any CPU = Release|Any CPU
	EndGlobalSection
	GlobalSection(ProjectConfigurationPlatforms) = postSolution
		{A489CD5D-0B53-44F3-ACD0-603AFD0B6457}.Debug|Any CPU.ActiveCfg = Debug|Any CPU
		{A489CD5D-0B53-44F3-ACD0-603AFD0B6457}.Debug|Any CPU.Build.0 = Debug|Any CPU
		{A489CD5D-0B53-44F3-ACD0-603AFD0B6457}.Release|Any CPU.ActiveCfg = Release|Any CPU
		{A489CD5D-0B53-44F3-ACD0-603AFD0B6457}.Release|Any CPU.Build.0 = Release|Any CPU
		{C5C1B55E-E8B0-40B4-85EF-3B8840AC70D0}.Debug|Any CPU.ActiveCfg = Debug|Any CPU
		{C5C1B55E-E8B0-40B4-85EF-3B8840AC70D0}.Debug|Any CPU.Build.0 = Debug|Any CPU
		{C5C1B55E-E8B0-40B4-85EF-3B8840AC70D0}.Release|Any CPU.ActiveCfg = Release|Any CPU
		{C5C1B55E-E8B0-40B4-85EF-3B8840AC70D0}.Release|Any CPU.Build.0 = Release|Any CPU
	EndGlobalSection
	GlobalSection(SolutionProperties) = preSolution
		HideSolutionNode = FALSE
	EndGlobalSection
	GlobalSection(NestedProjects) = preSolution
		{A489CD5D-0B53-44F3-ACD0-603AFD0B6457} = {E620BDB7-D55D-4ED6-B6D5-1DD580BF8713}
		{C5C1B55E-E8B0-40B4-85EF-3B8840AC70D0} = {53FEA99E-F0B9-4FFA-9499-E4BDDEEEF48A}
	EndGlobalSection
	GlobalSection(ExtensibilityGlobals) = postSolution
		SolutionGuid = {56BA2979-9A98-4BE2-A265-C37715EFE5AA}
	EndGlobalSection
EndGlobal
